<Solution>
  <Project Path="EclipsVault.Core/EclipsVault.Core.csproj" />
  <Project Path="EclipsVault.Infrastructure/EclipsVault.Infrastructure.csproj" />
  <Project Path="EclipsVault.Migrations.Postgres/EclipsVault.Migrations.Postgres.csproj" />
  <Project Path="EclipsVault.Web/EclipsVault.Web.csproj" />
  <Project Path="EclipsVault.AuditVerifier/EclipsVault.AuditVerifier.csproj" />
  <Project Path="EclipsVault.LicenseForge/EclipsVault.LicenseForge.csproj" />
  <Project Path="EclipsVault.Tests/EclipsVault.Tests.csproj" />
</Solution>
